
Microsoft Visual Studio Solution File, Format Version 12.00
# Visual Studio Version 16
VisualStudioVersion = 16.0.28922.388
MinimumVisualStudioVersion = 10.0.40219.1
Project("{FAE04EC0-301F-11D3-BF4B-00C04F79EFBC}") = "InfiniteString", "InfiniteString.csproj", "{AA9967F5-FA9A-4B7A-905A-5703BA08635E}"
EndProject
Global
	GlobalSection(SolutionConfigurationPlatforms) = preSolution
		Debug|Any CPU = Debug|Any CPU
		Release|Any CPU = Release|Any CPU
	EndGlobalSection
	GlobalSection(ProjectConfigurationPlatforms) = postSolution
		{AA9967F5-FA9A-4B7A-905A-5703BA08635E}.Debug|Any CPU.ActiveCfg = Debug|Any CPU
		{AA9967F5-FA9A-4B7A-905A-5703BA08635E}.Debug|Any CPU.Build.0 = Debug|Any CPU
		{AA9967F5-FA9A-4B7A-905A-5703BA08635E}.Release|Any CPU.ActiveCfg = Release|Any CPU
		{AA9967F5-FA9A-4B7A-905A-5703BA08635E}.Release|Any CPU.Build.0 = Release|Any CPU
	EndGlobalSection
	GlobalSection(SolutionProperties) = preSolution
		HideSolutionNode = FALSE
	EndGlobalSection
	GlobalSection(ExtensibilityGlobals) = postSolution
		SolutionGuid = {1496A720-88D4-4CD5-8557-0A835506D72C}
	EndGlobalSection
EndGlobal
