
Microsoft Visual Studio Solution File, Format Version 12.00
# Visual Studio Version 16
VisualStudioVersion = 16.0.28922.388
MinimumVisualStudioVersion = 10.0.40219.1
Project("{FAE04EC0-301F-11D3-BF4B-00C04F79EFBC}") = "QueryCount", "QueryCount.csproj", "{5C950248-6476-4309-A73F-505FC0BFE67A}"
EndProject
Global
	GlobalSection(SolutionConfigurationPlatforms) = preSolution
		Debug|Any CPU = Debug|Any CPU
		Release|Any CPU = Release|Any CPU
	EndGlobalSection
	GlobalSection(ProjectConfigurationPlatforms) = postSolution
		{5C950248-6476-4309-A73F-505FC0BFE67A}.Debug|Any CPU.ActiveCfg = Debug|Any CPU
		{5C950248-6476-4309-A73F-505FC0BFE67A}.Debug|Any CPU.Build.0 = Debug|Any CPU
		{5C950248-6476-4309-A73F-505FC0BFE67A}.Release|Any CPU.ActiveCfg = Release|Any CPU
		{5C950248-6476-4309-A73F-505FC0BFE67A}.Release|Any CPU.Build.0 = Release|Any CPU
	EndGlobalSection
	GlobalSection(SolutionProperties) = preSolution
		HideSolutionNode = FALSE
	EndGlobalSection
	GlobalSection(ExtensibilityGlobals) = postSolution
		SolutionGuid = {F390FC3E-3CEB-4B3F-962C-C0FE6C03194A}
	EndGlobalSection
EndGlobal
